// !$*UTF8*$!
{
	archiveVersion = 1;
	classes = {
	};
	objectVersion = 56;
	objects = {

/* Begin PBXBuildFile section */
		5BD9F15829CD23CA00091272 /* AppDelegate.m in Sources */ = {isa = PBXBuildFile; fileRef = 5BD9F15729CD23CA00091272 /* AppDelegate.m */; };
		5BD9F15B29CD23CA00091272 /* SceneDelegate.m in Sources */ = {isa = PBXBuildFile; fileRef = 5BD9F15A29CD23CA00091272 /* SceneDelegate.m */; };
		5BD9F16129CD23CA00091272 /* Main.storyboard in Resources */ = {isa = PBXBuildFile; fileRef = 5BD9F15F29CD23CA00091272 /* Main.storyboard */; };
		5BD9F16329CD23CB00091272 /* Assets.xcassets in Resources */ = {isa = PBXBuildFile; fileRef = 5BD9F16229CD23CB00091272 /* Assets.xcassets */; };
		5BD9F16629CD23CB00091272 /* LaunchScreen.storyboard in Resources */ = {isa = PBXBuildFile; fileRef = 5BD9F16429CD23CB00091272 /* LaunchScreen.storyboard */; };
		5BD9F16929CD23CB00091272 /* main.m in Sources */ = {isa = PBXBuildFile; fileRef = 5BD9F16829CD23CB00091272 /* main.m */; };
		5BD9F17329CD2B4900091272 /* Prefs.m in Sources */ = {isa = PBXBuildFile; fileRef = 5BD9F17029CD2B4800091272 /* Prefs.m */; };
		5BD9F17429CD2B4900091272 /* PrayerDatabase.m in Sources */ = {isa = PBXBuildFile; fileRef = 5BD9F17229CD2B4900091272 /* PrayerDatabase.m */; };
		5BD9F17729CD2C6E00091272 /* AboutController.m in Sources */ = {isa = PBXBuildFile; fileRef = 5BD9F17629CD2C6E00091272 /* AboutController.m */; };
		5BD9F17A29CD35A400091272 /* PBLanguage.m in Sources */ = {isa = PBXBuildFile; fileRef = 5BD9F17929CD35A400091272 /* PBLanguage.m */; };
		5BD9F17D29CD35C800091272 /* Prayer.m in Sources */ = {isa = PBXBuildFile; fileRef = 5BD9F17C29CD35C800091272 /* Prayer.m */; };
		5BD9F18029CD35F900091272 /* NSString_CategoryCompare.m in Sources */ = {isa = PBXBuildFile; fileRef = 5BD9F17F29CD35F900091272 /* NSString_CategoryCompare.m */; };
		5BD9F18329CD370F00091272 /* PBLocalization.m in Sources */ = {isa = PBXBuildFile; fileRef = 5BD9F18229CD370F00091272 /* PBLocalization.m */; };
		5BD9F18729CD3C0F00091272 /* about.html in Resources */ = {isa = PBXBuildFile; fileRef = 5BD9F18629CD3C0F00091272 /* about.html */; };
		5BD9F18A29CD3E9800091272 /* CategoriesController.m in Sources */ = {isa = PBXBuildFile; fileRef = 5BD9F18829CD3E9800091272 /* CategoriesController.m */; };
		5BD9F18D29CD402F00091272 /* CategoryPrayersController.m in Sources */ = {isa = PBXBuildFile; fileRef = 5BD9F18C29CD402F00091272 /* CategoryPrayersController.m */; };
		5BD9F19029CD40D000091272 /* PrayerViewController.m in Sources */ = {isa = PBXBuildFile; fileRef = 5BD9F18F29CD40D000091272 /* PrayerViewController.m */; };
		5BD9F19329CD40FC00091272 /* PrayerCell.m in Sources */ = {isa = PBXBuildFile; fileRef = 5BD9F19229CD40FC00091272 /* PrayerCell.m */; };
		5BD9F19629CD417F00091272 /* CategoryCell.m in Sources */ = {isa = PBXBuildFile; fileRef = 5BD9F19529CD417F00091272 /* CategoryCell.m */; };
		5BD9F19929CD419E00091272 /* PBUI.m in Sources */ = {isa = PBXBuildFile; fileRef = 5BD9F19829CD419E00091272 /* PBUI.m */; };
		5BD9F19C29CD41CA00091272 /* PBTemplate.m in Sources */ = {isa = PBXBuildFile; fileRef = 5BD9F19A29CD41CA00091272 /* PBTemplate.m */; };
		5BD9F19E29CD421F00091272 /* prayer_template.txt in Resources */ = {isa = PBXBuildFile; fileRef = 5BD9F19D29CD421F00091272 /* prayer_template.txt */; };
		5BD9F1A129CD46F600091272 /* RoundedRectangleView.m in Sources */ = {isa = PBXBuildFile; fileRef = 5BD9F1A029CD46F600091272 /* RoundedRectangleView.m */; };
		5BD9F1A429CD471900091272 /* PBSearchController.m in Sources */ = {isa = PBXBuildFile; fileRef = 5BD9F1A329CD471900091272 /* PBSearchController.m */; };
		5BD9F1A729CD474400091272 /* PrayerResultsController.m in Sources */ = {isa = PBXBuildFile; fileRef = 5BD9F1A529CD474300091272 /* PrayerResultsController.m */; };
		5BD9F1AD29CD73CC00091272 /* pbdb.db in Resources */ = {isa = PBXBuildFile; fileRef = 5BD9F1AC29CD73CC00091272 /* pbdb.db */; };
		5BD9F1B029CD7C3A00091272 /* BookmarksViewController.m in Sources */ = {isa = PBXBuildFile; fileRef = 5BD9F1AF29CD7C3A00091272 /* BookmarksViewController.m */; };
		5BD9F1B329CD7D5D00091272 /* RecentViewController.m in Sources */ = {isa = PBXBuildFile; fileRef = 5BD9F1B229CD7D5D00091272 /* RecentViewController.m */; };
		5BD9F1B629CD7DB600091272 /* LanguagesController.m in Sources */ = {isa = PBXBuildFile; fileRef = 5BD9F1B429CD7DB600091272 /* LanguagesController.m */; };
		5BD9F1BA29CD82C500091272 /* en.lproj in Resources */ = {isa = PBXBuildFile; fileRef = 5BD9F1B929CD82C500091272 /* en.lproj */; };
		5BD9F1C629CD832D00091272 /* ar.lproj in Resources */ = {isa = PBXBuildFile; fileRef = 5BD9F1BB29CD832D00091272 /* ar.lproj */; };
		5BD9F1C729CD832D00091272 /* es.lproj in Resources */ = {isa = PBXBuildFile; fileRef = 5BD9F1BC29CD832D00091272 /* es.lproj */; };
		5BD9F1C829CD832D00091272 /* de.lproj in Resources */ = {isa = PBXBuildFile; fileRef = 5BD9F1BD29CD832D00091272 /* de.lproj */; };
		5BD9F1C929CD832D00091272 /* is.lproj in Resources */ = {isa = PBXBuildFile; fileRef = 5BD9F1BE29CD832D00091272 /* is.lproj */; };
		5BD9F1CA29CD832D00091272 /* ru.lproj in Resources */ = {isa = PBXBuildFile; fileRef = 5BD9F1BF29CD832D00091272 /* ru.lproj */; };
		5BD9F1CB29CD832D00091272 /* fr.lproj in Resources */ = {isa = PBXBuildFile; fileRef = 5BD9F1C029CD832D00091272 /* fr.lproj */; };
		5BD9F1CC29CD832D00091272 /* id.lproj in Resources */ = {isa = PBXBuildFile; fileRef = 5BD9F1C129CD832D00091272 /* id.lproj */; };
		5BD9F1CD29CD832D00091272 /* it.lproj in Resources */ = {isa = PBXBuildFile; fileRef = 5BD9F1C229CD832D00091272 /* it.lproj */; };
		5BD9F1CE29CD832D00091272 /* zh.lproj in Resources */ = {isa = PBXBuildFile; fileRef = 5BD9F1C329CD832D00091272 /* zh.lproj */; };
		5BD9F1CF29CD832D00091272 /* hi.lproj in Resources */ = {isa = PBXBuildFile; fileRef = 5BD9F1C429CD832D00091272 /* hi.lproj */; };
		5BD9F1D029CD832D00091272 /* nl.lproj in Resources */ = {isa = PBXBuildFile; fileRef = 5BD9F1C529CD832D00091272 /* nl.lproj */; };
/* End PBXBuildFile section */

/* Begin PBXFileReference section */
		5BD9F15329CD23CA00091272 /* baha.app */ = {isa = PBXFileReference; explicitFileType = wrapper.application; includeInIndex = 0; path = baha.app; sourceTree = BUILT_PRODUCTS_DIR; };
		5BD9F15629CD23CA00091272 /* AppDelegate.h */ = {isa = PBXFileReference; lastKnownFileType = sourcecode.c.h; path = AppDelegate.h; sourceTree = "<group>"; };
		5BD9F15729CD23CA00091272 /* AppDelegate.m */ = {isa = PBXFileReference; lastKnownFileType = sourcecode.c.objc; path = AppDelegate.m; sourceTree = "<group>"; };
		5BD9F15929CD23CA00091272 /* SceneDelegate.h */ = {isa = PBXFileReference; lastKnownFileType = sourcecode.c.h; path = SceneDelegate.h; sourceTree = "<group>"; };
		5BD9F15A29CD23CA00091272 /* SceneDelegate.m */ = {isa = PBXFileReference; lastKnownFileType = sourcecode.c.objc; path = SceneDelegate.m; sourceTree = "<group>"; };
		5BD9F16029CD23CA00091272 /* Base */ = {isa = PBXFileReference; lastKnownFileType = file.storyboard; name = Base; path = Base.lproj/Main.storyboard; sourceTree = "<group>"; };
		5BD9F16229CD23CB00091272 /* Assets.xcassets */ = {isa = PBXFileReference; lastKnownFileType = folder.assetcatalog; path = Assets.xcassets; sourceTree = "<group>"; };
		5BD9F16529CD23CB00091272 /* Base */ = {isa = PBXFileReference; lastKnownFileType = file.storyboard; name = Base; path = Base.lproj/LaunchScreen.storyboard; sourceTree = "<group>"; };
		5BD9F16729CD23CB00091272 /* Info.plist */ = {isa = PBXFileReference; lastKnownFileType = text.plist.xml; path = Info.plist; sourceTree = "<group>"; };
		5BD9F16829CD23CB00091272 /* main.m */ = {isa = PBXFileReference; lastKnownFileType = sourcecode.c.objc; path = main.m; sourceTree = "<group>"; };
		5BD9F16F29CD2B4800091272 /* PrayerDatabase.h */ = {isa = PBXFileReference; fileEncoding = 4; lastKnownFileType = sourcecode.c.h; path = PrayerDatabase.h; sourceTree = "<group>"; };
		5BD9F17029CD2B4800091272 /* Prefs.m */ = {isa = PBXFileReference; fileEncoding = 4; lastKnownFileType = sourcecode.c.objc; path = Prefs.m; sourceTree = "<group>"; };
		5BD9F17129CD2B4900091272 /* Prefs.h */ = {isa = PBXFileReference; fileEncoding = 4; lastKnownFileType = sourcecode.c.h; path = Prefs.h; sourceTree = "<group>"; };
		5BD9F17229CD2B4900091272 /* PrayerDatabase.m */ = {isa = PBXFileReference; fileEncoding = 4; lastKnownFileType = sourcecode.c.objc; path = PrayerDatabase.m; sourceTree = "<group>"; };
		5BD9F17529CD2C6E00091272 /* AboutController.h */ = {isa = PBXFileReference; fileEncoding = 4; lastKnownFileType = sourcecode.c.h; path = AboutController.h; sourceTree = "<group>"; };
		5BD9F17629CD2C6E00091272 /* AboutController.m */ = {isa = PBXFileReference; fileEncoding = 4; lastKnownFileType = sourcecode.c.objc; path = AboutController.m; sourceTree = "<group>"; };
		5BD9F17829CD35A400091272 /* PBLanguage.h */ = {isa = PBXFileReference; fileEncoding = 4; lastKnownFileType = sourcecode.c.h; path = PBLanguage.h; sourceTree = "<group>"; };
		5BD9F17929CD35A400091272 /* PBLanguage.m */ = {isa = PBXFileReference; fileEncoding = 4; lastKnownFileType = sourcecode.c.objc; path = PBLanguage.m; sourceTree = "<group>"; };
		5BD9F17B29CD35C800091272 /* Prayer.h */ = {isa = PBXFileReference; fileEncoding = 4; lastKnownFileType = sourcecode.c.h; path = Prayer.h; sourceTree = "<group>"; };
		5BD9F17C29CD35C800091272 /* Prayer.m */ = {isa = PBXFileReference; fileEncoding = 4; lastKnownFileType = sourcecode.c.objc; path = Prayer.m; sourceTree = "<group>"; };
		5BD9F17E29CD35F900091272 /* NSString_CategoryCompare.h */ = {isa = PBXFileReference; fileEncoding = 4; lastKnownFileType = sourcecode.c.h; path = NSString_CategoryCompare.h; sourceTree = "<group>"; };
		5BD9F17F29CD35F900091272 /* NSString_CategoryCompare.m */ = {isa = PBXFileReference; fileEncoding = 4; lastKnownFileType = sourcecode.c.objc; path = NSString_CategoryCompare.m; sourceTree = "<group>"; };
		5BD9F18129CD370F00091272 /* PBLocalization.h */ = {isa = PBXFileReference; fileEncoding = 4; lastKnownFileType = sourcecode.c.h; path = PBLocalization.h; sourceTree = "<group>"; };
		5BD9F18229CD370F00091272 /* PBLocalization.m */ = {isa = PBXFileReference; fileEncoding = 4; lastKnownFileType = sourcecode.c.objc; path = PBLocalization.m; sourceTree = "<group>"; };
		5BD9F18629CD3C0F00091272 /* about.html */ = {isa = PBXFileReference; fileEncoding = 4; lastKnownFileType = text.html; path = about.html; sourceTree = "<group>"; };
		5BD9F18829CD3E9800091272 /* CategoriesController.m */ = {isa = PBXFileReference; fileEncoding = 4; lastKnownFileType = sourcecode.c.objc; path = CategoriesController.m; sourceTree = "<group>"; };
		5BD9F18929CD3E9800091272 /* CategoriesController.h */ = {isa = PBXFileReference; fileEncoding = 4; lastKnownFileType = sourcecode.c.h; path = CategoriesController.h; sourceTree = "<group>"; };
		5BD9F18B29CD402F00091272 /* CategoryPrayersController.h */ = {isa = PBXFileReference; fileEncoding = 4; lastKnownFileType = sourcecode.c.h; path = CategoryPrayersController.h; sourceTree = "<group>"; };
		5BD9F18C29CD402F00091272 /* CategoryPrayersController.m */ = {isa = PBXFileReference; fileEncoding = 4; lastKnownFileType = sourcecode.c.objc; path = CategoryPrayersController.m; sourceTree = "<group>"; };
		5BD9F18E29CD40D000091272 /* PrayerViewController.h */ = {isa = PBXFileReference; fileEncoding = 4; lastKnownFileType = sourcecode.c.h; path = PrayerViewController.h; sourceTree = "<group>"; };
		5BD9F18F29CD40D000091272 /* PrayerViewController.m */ = {isa = PBXFileReference; fileEncoding = 4; lastKnownFileType = sourcecode.c.objc; path = PrayerViewController.m; sourceTree = "<group>"; };
		5BD9F19129CD40FC00091272 /* PrayerCell.h */ = {isa = PBXFileReference; fileEncoding = 4; lastKnownFileType = sourcecode.c.h; path = PrayerCell.h; sourceTree = "<group>"; };
		5BD9F19229CD40FC00091272 /* PrayerCell.m */ = {isa = PBXFileReference; fileEncoding = 4; lastKnownFileType = sourcecode.c.objc; path = PrayerCell.m; sourceTree = "<group>"; };
		5BD9F19429CD417F00091272 /* CategoryCell.h */ = {isa = PBXFileReference; fileEncoding = 4; lastKnownFileType = sourcecode.c.h; path = CategoryCell.h; sourceTree = "<group>"; };
		5BD9F19529CD417F00091272 /* CategoryCell.m */ = {isa = PBXFileReference; fileEncoding = 4; lastKnownFileType = sourcecode.c.objc; path = CategoryCell.m; sourceTree = "<group>"; };
		5BD9F19729CD419E00091272 /* PBUI.h */ = {isa = PBXFileReference; fileEncoding = 4; lastKnownFileType = sourcecode.c.h; path = PBUI.h; sourceTree = "<group>"; };
		5BD9F19829CD419E00091272 /* PBUI.m */ = {isa = PBXFileReference; fileEncoding = 4; lastKnownFileType = sourcecode.c.objc; path = PBUI.m; sourceTree = "<group>"; };
		5BD9F19A29CD41CA00091272 /* PBTemplate.m */ = {isa = PBXFileReference; fileEncoding = 4; lastKnownFileType = sourcecode.c.objc; path = PBTemplate.m; sourceTree = "<group>"; };
		5BD9F19B29CD41CA00091272 /* PBTemplate.h */ = {isa = PBXFileReference; fileEncoding = 4; lastKnownFileType = sourcecode.c.h; path = PBTemplate.h; sourceTree = "<group>"; };
		5BD9F19D29CD421F00091272 /* prayer_template.txt */ = {isa = PBXFileReference; fileEncoding = 4; lastKnownFileType = text; path = prayer_template.txt; sourceTree = "<group>"; };
		5BD9F19F29CD46F600091272 /* RoundedRectangleView.h */ = {isa = PBXFileReference; fileEncoding = 4; lastKnownFileType = sourcecode.c.h; path = RoundedRectangleView.h; sourceTree = "<group>"; };
		5BD9F1A029CD46F600091272 /* RoundedRectangleView.m */ = {isa = PBXFileReference; fileEncoding = 4; lastKnownFileType = sourcecode.c.objc; path = RoundedRectangleView.m; sourceTree = "<group>"; };
		5BD9F1A229CD471900091272 /* PBSearchController.h */ = {isa = PBXFileReference; fileEncoding = 4; lastKnownFileType = sourcecode.c.h; path = PBSearchController.h; sourceTree = "<group>"; };
		5BD9F1A329CD471900091272 /* PBSearchController.m */ = {isa = PBXFileReference; fileEncoding = 4; lastKnownFileType = sourcecode.c.objc; path = PBSearchController.m; sourceTree = "<group>"; };
		5BD9F1A529CD474300091272 /* PrayerResultsController.m */ = {isa = PBXFileReference; fileEncoding = 4; lastKnownFileType = sourcecode.c.objc; path = PrayerResultsController.m; sourceTree = "<group>"; };
		5BD9F1A629CD474300091272 /* PrayerResultsController.h */ = {isa = PBXFileReference; fileEncoding = 4; lastKnownFileType = sourcecode.c.h; path = PrayerResultsController.h; sourceTree = "<group>"; };
		5BD9F1AC29CD73CC00091272 /* pbdb.db */ = {isa = PBXFileReference; lastKnownFileType = file; name = pbdb.db; path = baha/res/pbdb.db; sourceTree = "<group>"; };
		5BD9F1AE29CD7C3A00091272 /* BookmarksViewController.h */ = {isa = PBXFileReference; fileEncoding = 4; lastKnownFileType = sourcecode.c.h; path = BookmarksViewController.h; sourceTree = "<group>"; };
		5BD9F1AF29CD7C3A00091272 /* BookmarksViewController.m */ = {isa = PBXFileReference; fileEncoding = 4; lastKnownFileType = sourcecode.c.objc; path = BookmarksViewController.m; sourceTree = "<group>"; };
		5BD9F1B129CD7D5D00091272 /* RecentViewController.h */ = {isa = PBXFileReference; fileEncoding = 4; lastKnownFileType = sourcecode.c.h; path = RecentViewController.h; sourceTree = "<group>"; };
		5BD9F1B229CD7D5D00091272 /* RecentViewController.m */ = {isa = PBXFileReference; fileEncoding = 4; lastKnownFileType = sourcecode.c.objc; path = RecentViewController.m; sourceTree = "<group>"; };
		5BD9F1B429CD7DB600091272 /* LanguagesController.m */ = {isa = PBXFileReference; fileEncoding = 4; lastKnownFileType = sourcecode.c.objc; path = LanguagesController.m; sourceTree = "<group>"; };
		5BD9F1B529CD7DB600091272 /* LanguagesController.h */ = {isa = PBXFileReference; fileEncoding = 4; lastKnownFileType = sourcecode.c.h; path = LanguagesController.h; sourceTree = "<group>"; };
		5BD9F1B929CD82C500091272 /* en.lproj */ = {isa = PBXFileReference; lastKnownFileType = folder; path = en.lproj; sourceTree = "<group>"; };
		5BD9F1BB29CD832D00091272 /* ar.lproj */ = {isa = PBXFileReference; lastKnownFileType = folder; path = ar.lproj; sourceTree = "<group>"; };
		5BD9F1BC29CD832D00091272 /* es.lproj */ = {isa = PBXFileReference; lastKnownFileType = folder; path = es.lproj; sourceTree = "<group>"; };
		5BD9F1BD29CD832D00091272 /* de.lproj */ = {isa = PBXFileReference; lastKnownFileType = folder; path = de.lproj; sourceTree = "<group>"; };
		5BD9F1BE29CD832D00091272 /* is.lproj */ = {isa = PBXFileReference; lastKnownFileType = folder; path = is.lproj; sourceTree = "<group>"; };
		5BD9F1BF29CD832D00091272 /* ru.lproj */ = {isa = PBXFileReference; lastKnownFileType = folder; path = ru.lproj; sourceTree = "<group>"; };
		5BD9F1C029CD832D00091272 /* fr.lproj */ = {isa = PBXFileReference; lastKnownFileType = folder; path = fr.lproj; sourceTree = "<group>"; };
		5BD9F1C129CD832D00091272 /* id.lproj */ = {isa = PBXFileReference; lastKnownFileType = folder; path = id.lproj; sourceTree = "<group>"; };
		5BD9F1C229CD832D00091272 /* it.lproj */ = {isa = PBXFileReference; lastKnownFileType = folder; path = it.lproj; sourceTree = "<group>"; };
		5BD9F1C329CD832D00091272 /* zh.lproj */ = {isa = PBXFileReference; lastKnownFileType = folder; path = zh.lproj; sourceTree = "<group>"; };
		5BD9F1C429CD832D00091272 /* hi.lproj */ = {isa = PBXFileReference; lastKnownFileType = folder; path = hi.lproj; sourceTree = "<group>"; };
		5BD9F1C529CD832D00091272 /* nl.lproj */ = {isa = PBXFileReference; lastKnownFileType = folder; path = nl.lproj; sourceTree = "<group>"; };
/* End PBXFileReference section */

/* Begin PBXFrameworksBuildPhase section */
		5BD9F15029CD23CA00091272 /* Frameworks */ = {
			isa = PBXFrameworksBuildPhase;
			buildActionMask = 2147483647;
			files = (
			);
			runOnlyForDeploymentPostprocessing = 0;
		};
/* End PBXFrameworksBuildPhase section */

/* Begin PBXGroup section */
		5BD9F14A29CD23CA00091272 = {
			isa = PBXGroup;
			children = (
				5BD9F1AC29CD73CC00091272 /* pbdb.db */,
				5BD9F15529CD23CA00091272 /* baha */,
				5BD9F15429CD23CA00091272 /* Products */,
			);
			sourceTree = "<group>";
		};
		5BD9F15429CD23CA00091272 /* Products */ = {
			isa = PBXGroup;
			children = (
				5BD9F15329CD23CA00091272 /* baha.app */,
			);
			name = Products;
			sourceTree = "<group>";
		};
		5BD9F15529CD23CA00091272 /* baha */ = {
			isa = PBXGroup;
			children = (
				5BD9F18629CD3C0F00091272 /* about.html */,
				5BD9F17529CD2C6E00091272 /* AboutController.h */,
				5BD9F17629CD2C6E00091272 /* AboutController.m */,
				5BD9F15629CD23CA00091272 /* AppDelegate.h */,
				5BD9F15729CD23CA00091272 /* AppDelegate.m */,
				5BD9F16229CD23CB00091272 /* Assets.xcassets */,
				5BD9F1AE29CD7C3A00091272 /* BookmarksViewController.h */,
				5BD9F1AF29CD7C3A00091272 /* BookmarksViewController.m */,
				5BD9F18929CD3E9800091272 /* CategoriesController.h */,
				5BD9F18829CD3E9800091272 /* CategoriesController.m */,
				5BD9F19429CD417F00091272 /* CategoryCell.h */,
				5BD9F19529CD417F00091272 /* CategoryCell.m */,
				5BD9F18B29CD402F00091272 /* CategoryPrayersController.h */,
				5BD9F18C29CD402F00091272 /* CategoryPrayersController.m */,
				5BD9F16729CD23CB00091272 /* Info.plist */,
				5BD9F1B829CD829C00091272 /* l10n */,
				5BD9F1B529CD7DB600091272 /* LanguagesController.h */,
				5BD9F1B429CD7DB600091272 /* LanguagesController.m */,
				5BD9F16429CD23CB00091272 /* LaunchScreen.storyboard */,
				5BD9F16829CD23CB00091272 /* main.m */,
				5BD9F15F29CD23CA00091272 /* Main.storyboard */,
				5BD9F17E29CD35F900091272 /* NSString_CategoryCompare.h */,
				5BD9F17F29CD35F900091272 /* NSString_CategoryCompare.m */,
				5BD9F17829CD35A400091272 /* PBLanguage.h */,
				5BD9F17929CD35A400091272 /* PBLanguage.m */,
				5BD9F18129CD370F00091272 /* PBLocalization.h */,
				5BD9F18229CD370F00091272 /* PBLocalization.m */,
				5BD9F1A229CD471900091272 /* PBSearchController.h */,
				5BD9F1A329CD471900091272 /* PBSearchController.m */,
				5BD9F19B29CD41CA00091272 /* PBTemplate.h */,
				5BD9F19A29CD41CA00091272 /* PBTemplate.m */,
				5BD9F19729CD419E00091272 /* PBUI.h */,
				5BD9F19829CD419E00091272 /* PBUI.m */,
				5BD9F19D29CD421F00091272 /* prayer_template.txt */,
				5BD9F17B29CD35C800091272 /* Prayer.h */,
				5BD9F17C29CD35C800091272 /* Prayer.m */,
				5BD9F19129CD40FC00091272 /* PrayerCell.h */,
				5BD9F19229CD40FC00091272 /* PrayerCell.m */,
				5BD9F16F29CD2B4800091272 /* PrayerDatabase.h */,
				5BD9F17229CD2B4900091272 /* PrayerDatabase.m */,
				5BD9F1A629CD474300091272 /* PrayerResultsController.h */,
				5BD9F1A529CD474300091272 /* PrayerResultsController.m */,
				5BD9F18E29CD40D000091272 /* PrayerViewController.h */,
				5BD9F18F29CD40D000091272 /* PrayerViewController.m */,
				5BD9F17129CD2B4900091272 /* Prefs.h */,
				5BD9F17029CD2B4800091272 /* Prefs.m */,
				5BD9F1B129CD7D5D00091272 /* RecentViewController.h */,
				5BD9F1B229CD7D5D00091272 /* RecentViewController.m */,
				5BD9F19F29CD46F600091272 /* RoundedRectangleView.h */,
				5BD9F1A029CD46F600091272 /* RoundedRectangleView.m */,
				5BD9F15929CD23CA00091272 /* SceneDelegate.h */,
				5BD9F15A29CD23CA00091272 /* SceneDelegate.m */,
			);
			path = baha;
			sourceTree = "<group>";
		};
		5BD9F1B829CD829C00091272 /* l10n */ = {
			isa = PBXGroup;
			children = (
				5BD9F1BB29CD832D00091272 /* ar.lproj */,
				5BD9F1BD29CD832D00091272 /* de.lproj */,
				5BD9F1BC29CD832D00091272 /* es.lproj */,
				5BD9F1C029CD832D00091272 /* fr.lproj */,
				5BD9F1C429CD832D00091272 /* hi.lproj */,
				5BD9F1C129CD832D00091272 /* id.lproj */,
				5BD9F1BE29CD832D00091272 /* is.lproj */,
				5BD9F1C229CD832D00091272 /* it.lproj */,
				5BD9F1C529CD832D00091272 /* nl.lproj */,
				5BD9F1BF29CD832D00091272 /* ru.lproj */,
				5BD9F1C329CD832D00091272 /* zh.lproj */,
				5BD9F1B929CD82C500091272 /* en.lproj */,
			);
			path = l10n;
			sourceTree = "<group>";
		};
/* End PBXGroup section */

/* Begin PBXNativeTarget section */
		5BD9F15229CD23CA00091272 /* baha */ = {
			isa = PBXNativeTarget;
			buildConfigurationList = 5BD9F16C29CD23CB00091272 /* Build configuration list for PBXNativeTarget "baha" */;
			buildPhases = (
				5BD9F14F29CD23CA00091272 /* Sources */,
				5BD9F15029CD23CA00091272 /* Frameworks */,
				5BD9F15129CD23CA00091272 /* Resources */,
			);
			buildRules = (
			);
			dependencies = (
			);
			name = baha;
			productName = baha;
			productReference = 5BD9F15329CD23CA00091272 /* baha.app */;
			productType = "com.apple.product-type.application";
		};
/* End PBXNativeTarget section */

/* Begin PBXProject section */
		5BD9F14B29CD23CA00091272 /* Project object */ = {
			isa = PBXProject;
			attributes = {
				BuildIndependentTargetsInParallel = 1;
				LastUpgradeCheck = 1500;
				TargetAttributes = {
					5BD9F15229CD23CA00091272 = {
						CreatedOnToolsVersion = 14.2;
					};
				};
			};
			buildConfigurationList = 5BD9F14E29CD23CA00091272 /* Build configuration list for PBXProject "baha" */;
			compatibilityVersion = "Xcode 14.0";
			developmentRegion = en;
			hasScannedForEncodings = 0;
			knownRegions = (
				en,
				Base,
			);
			mainGroup = 5BD9F14A29CD23CA00091272;
			productRefGroup = 5BD9F15429CD23CA00091272 /* Products */;
			projectDirPath = "";
			projectRoot = "";
			targets = (
				5BD9F15229CD23CA00091272 /* baha */,
			);
		};
/* End PBXProject section */

/* Begin PBXResourcesBuildPhase section */
		5BD9F15129CD23CA00091272 /* Resources */ = {
			isa = PBXResourcesBuildPhase;
			buildActionMask = 2147483647;
			files = (
				5BD9F1C629CD832D00091272 /* ar.lproj in Resources */,
				5BD9F1BA29CD82C500091272 /* en.lproj in Resources */,
				5BD9F1AD29CD73CC00091272 /* pbdb.db in Resources */,
				5BD9F18729CD3C0F00091272 /* about.html in Resources */,
				5BD9F1CA29CD832D00091272 /* ru.lproj in Resources */,
				5BD9F1CB29CD832D00091272 /* fr.lproj in Resources */,
				5BD9F1CC29CD832D00091272 /* id.lproj in Resources */,
				5BD9F1D029CD832D00091272 /* nl.lproj in Resources */,
				5BD9F16629CD23CB00091272 /* LaunchScreen.storyboard in Resources */,
				5BD9F19E29CD421F00091272 /* prayer_template.txt in Resources */,
				5BD9F16329CD23CB00091272 /* Assets.xcassets in Resources */,
				5BD9F1C729CD832D00091272 /* es.lproj in Resources */,
				5BD9F1CF29CD832D00091272 /* hi.lproj in Resources */,
				5BD9F1C829CD832D00091272 /* de.lproj in Resources */,
				5BD9F16129CD23CA00091272 /* Main.storyboard in Resources */,
				5BD9F1CD29CD832D00091272 /* it.lproj in Resources */,
				5BD9F1C929CD832D00091272 /* is.lproj in Resources */,
				5BD9F1CE29CD832D00091272 /* zh.lproj in Resources */,
			);
			runOnlyForDeploymentPostprocessing = 0;
		};
/* End PBXResourcesBuildPhase section */

/* Begin PBXSourcesBuildPhase section */
		5BD9F14F29CD23CA00091272 /* Sources */ = {
			isa = PBXSourcesBuildPhase;
			buildActionMask = 2147483647;
			files = (
				5BD9F15829CD23CA00091272 /* AppDelegate.m in Sources */,
				5BD9F19929CD419E00091272 /* PBUI.m in Sources */,
				5BD9F1A129CD46F600091272 /* RoundedRectangleView.m in Sources */,
				5BD9F1B329CD7D5D00091272 /* RecentViewController.m in Sources */,
				5BD9F19629CD417F00091272 /* CategoryCell.m in Sources */,
				5BD9F17A29CD35A400091272 /* PBLanguage.m in Sources */,
				5BD9F18D29CD402F00091272 /* CategoryPrayersController.m in Sources */,
				5BD9F17729CD2C6E00091272 /* AboutController.m in Sources */,
				5BD9F1B629CD7DB600091272 /* LanguagesController.m in Sources */,
				5BD9F1A429CD471900091272 /* PBSearchController.m in Sources */,
				5BD9F16929CD23CB00091272 /* main.m in Sources */,
				5BD9F17329CD2B4900091272 /* Prefs.m in Sources */,
				5BD9F17429CD2B4900091272 /* PrayerDatabase.m in Sources */,
				5BD9F19029CD40D000091272 /* PrayerViewController.m in Sources */,
				5BD9F1B029CD7C3A00091272 /* BookmarksViewController.m in Sources */,
				5BD9F18329CD370F00091272 /* PBLocalization.m in Sources */,
				5BD9F1A729CD474400091272 /* PrayerResultsController.m in Sources */,
				5BD9F18A29CD3E9800091272 /* CategoriesController.m in Sources */,
				5BD9F19329CD40FC00091272 /* PrayerCell.m in Sources */,
				5BD9F17D29CD35C800091272 /* Prayer.m in Sources */,
				5BD9F15B29CD23CA00091272 /* SceneDelegate.m in Sources */,
				5BD9F19C29CD41CA00091272 /* PBTemplate.m in Sources */,
				5BD9F18029CD35F900091272 /* NSString_CategoryCompare.m in Sources */,
			);
			runOnlyForDeploymentPostprocessing = 0;
		};
/* End PBXSourcesBuildPhase section */

/* Begin PBXVariantGroup section */
		5BD9F15F29CD23CA00091272 /* Main.storyboard */ = {
			isa = PBXVariantGroup;
			children = (
				5BD9F16029CD23CA00091272 /* Base */,
			);
			name = Main.storyboard;
			sourceTree = "<group>";
		};
		5BD9F16429CD23CB00091272 /* LaunchScreen.storyboard */ = {
			isa = PBXVariantGroup;
			children = (
				5BD9F16529CD23CB00091272 /* Base */,
			);
			name = LaunchScreen.storyboard;
			sourceTree = "<group>";
		};
/* End PBXVariantGroup section */

/* Begin XCBuildConfiguration section */
		5BD9F16A29CD23CB00091272 /* Debug */ = {
			isa = XCBuildConfiguration;
			buildSettings = {
				ALWAYS_SEARCH_USER_PATHS = NO;
				CLANG_ANALYZER_NONNULL = YES;
				CLANG_ANALYZER_NUMBER_OBJECT_CONVERSION = YES_AGGRESSIVE;
				CLANG_CXX_LANGUAGE_STANDARD = "gnu++20";
				CLANG_ENABLE_MODULES = YES;
				CLANG_ENABLE_OBJC_ARC = YES;
				CLANG_ENABLE_OBJC_WEAK = YES;
				CLANG_WARN_BLOCK_CAPTURE_AUTORELEASING = YES;
				CLANG_WARN_BOOL_CONVERSION = YES;
				CLANG_WARN_COMMA = YES;
				CLANG_WARN_CONSTANT_CONVERSION = YES;
				CLANG_WARN_DEPRECATED_OBJC_IMPLEMENTATIONS = YES;
				CLANG_WARN_DIRECT_OBJC_ISA_USAGE = YES_ERROR;
				CLANG_WARN_DOCUMENTATION_COMMENTS = YES;
				CLANG_WARN_EMPTY_BODY = YES;
				CLANG_WARN_ENUM_CONVERSION = YES;
				CLANG_WARN_INFINITE_RECURSION = YES;
				CLANG_WARN_INT_CONVERSION = YES;
				CLANG_WARN_NON_LITERAL_NULL_CONVERSION = YES;
				CLANG_WARN_OBJC_IMPLICIT_RETAIN_SELF = YES;
				CLANG_WARN_OBJC_LITERAL_CONVERSION = YES;
				CLANG_WARN_OBJC_ROOT_CLASS = YES_ERROR;
				CLANG_WARN_QUOTED_INCLUDE_IN_FRAMEWORK_HEADER = YES;
				CLANG_WARN_RANGE_LOOP_ANALYSIS = YES;
				CLANG_WARN_STRICT_PROTOTYPES = YES;
				CLANG_WARN_SUSPICIOUS_MOVE = YES;
				CLANG_WARN_UNGUARDED_AVAILABILITY = YES_AGGRESSIVE;
				CLANG_WARN_UNREACHABLE_CODE = YES;
				CLANG_WARN__DUPLICATE_METHOD_MATCH = YES;
				COPY_PHASE_STRIP = NO;
				DEBUG_INFORMATION_FORMAT = dwarf;
				ENABLE_STRICT_OBJC_MSGSEND = YES;
				ENABLE_TESTABILITY = YES;
				ENABLE_USER_SCRIPT_SANDBOXING = YES;
				GCC_C_LANGUAGE_STANDARD = gnu11;
				GCC_DYNAMIC_NO_PIC = NO;
				GCC_NO_COMMON_BLOCKS = YES;
				GCC_OPTIMIZATION_LEVEL = 0;
				GCC_PREPROCESSOR_DEFINITIONS = (
					"DEBUG=1",
					"$(inherited)",
				);
				GCC_WARN_64_TO_32_BIT_CONVERSION = YES;
				GCC_WARN_ABOUT_RETURN_TYPE = YES_ERROR;
				GCC_WARN_UNDECLARED_SELECTOR = YES;
				GCC_WARN_UNINITIALIZED_AUTOS = YES_AGGRESSIVE;
				GCC_WARN_UNUSED_FUNCTION = YES;
				GCC_WARN_UNUSED_VARIABLE = YES;
				IPHONEOS_DEPLOYMENT_TARGET = 13.0;
				MTL_ENABLE_DEBUG_INFO = INCLUDE_SOURCE;
				MTL_FAST_MATH = YES;
				ONLY_ACTIVE_ARCH = YES;
				SDKROOT = iphoneos;
			};
			name = Debug;
		};
		5BD9F16B29CD23CB00091272 /* Release */ = {
			isa = XCBuildConfiguration;
			buildSettings = {
				ALWAYS_SEARCH_USER_PATHS = NO;
				CLANG_ANALYZER_NONNULL = YES;
				CLANG_ANALYZER_NUMBER_OBJECT_CONVERSION = YES_AGGRESSIVE;
				CLANG_CXX_LANGUAGE_STANDARD = "gnu++20";
				CLANG_ENABLE_MODULES = YES;
				CLANG_ENABLE_OBJC_ARC = YES;
				CLANG_ENABLE_OBJC_WEAK = YES;
				CLANG_WARN_BLOCK_CAPTURE_AUTORELEASING = YES;
				CLANG_WARN_BOOL_CONVERSION = YES;
				CLANG_WARN_COMMA = YES;
				CLANG_WARN_CONSTANT_CONVERSION = YES;
				CLANG_WARN_DEPRECATED_OBJC_IMPLEMENTATIONS = YES;
				CLANG_WARN_DIRECT_OBJC_ISA_USAGE = YES_ERROR;
				CLANG_WARN_DOCUMENTATION_COMMENTS = YES;
				CLANG_WARN_EMPTY_BODY = YES;
				CLANG_WARN_ENUM_CONVERSION = YES;
				CLANG_WARN_INFINITE_RECURSION = YES;
				CLANG_WARN_INT_CONVERSION = YES;
				CLANG_WARN_NON_LITERAL_NULL_CONVERSION = YES;
				CLANG_WARN_OBJC_IMPLICIT_RETAIN_SELF = YES;
				CLANG_WARN_OBJC_LITERAL_CONVERSION = YES;
				CLANG_WARN_OBJC_ROOT_CLASS = YES_ERROR;
				CLANG_WARN_QUOTED_INCLUDE_IN_FRAMEWORK_HEADER = YES;
				CLANG_WARN_RANGE_LOOP_ANALYSIS = YES;
				CLANG_WARN_STRICT_PROTOTYPES = YES;
				CLANG_WARN_SUSPICIOUS_MOVE = YES;
				CLANG_WARN_UNGUARDED_AVAILABILITY = YES_AGGRESSIVE;
				CLANG_WARN_UNREACHABLE_CODE = YES;
				CLANG_WARN__DUPLICATE_METHOD_MATCH = YES;
				COPY_PHASE_STRIP = NO;
				DEBUG_INFORMATION_FORMAT = "dwarf-with-dsym";
				ENABLE_NS_ASSERTIONS = NO;
				ENABLE_STRICT_OBJC_MSGSEND = YES;
				ENABLE_USER_SCRIPT_SANDBOXING = YES;
				GCC_C_LANGUAGE_STANDARD = gnu11;
				GCC_NO_COMMON_BLOCKS = YES;
				GCC_WARN_64_TO_32_BIT_CONVERSION = YES;
				GCC_WARN_ABOUT_RETURN_TYPE = YES_ERROR;
				GCC_WARN_UNDECLARED_SELECTOR = YES;
				GCC_WARN_UNINITIALIZED_AUTOS = YES_AGGRESSIVE;
				GCC_WARN_UNUSED_FUNCTION = YES;
				GCC_WARN_UNUSED_VARIABLE = YES;
				IPHONEOS_DEPLOYMENT_TARGET = 13.0;
				MTL_ENABLE_DEBUG_INFO = NO;
				MTL_FAST_MATH = YES;
				SDKROOT = iphoneos;
				VALIDATE_PRODUCT = YES;
			};
			name = Release;
		};
		5BD9F16D29CD23CB00091272 /* Debug */ = {
			isa = XCBuildConfiguration;
			buildSettings = {
				ASSETCATALOG_COMPILER_APPICON_NAME = AppIcon;
				ASSETCATALOG_COMPILER_GLOBAL_ACCENT_COLOR_NAME = AppColors;
				CODE_SIGN_STYLE = Automatic;
				CURRENT_PROJECT_VERSION = 502;
				DEVELOPMENT_TEAM = 3HDTD4H95Q;
				GENERATE_INFOPLIST_FILE = YES;
				INFOPLIST_FILE = baha/Info.plist;
				INFOPLIST_KEY_UIApplicationSupportsIndirectInputEvents = YES;
				INFOPLIST_KEY_UILaunchStoryboardName = LaunchScreen;
				INFOPLIST_KEY_UIMainStoryboardFile = Main;
				INFOPLIST_KEY_UISupportedInterfaceOrientations_iPad = "UIInterfaceOrientationPortrait UIInterfaceOrientationPortraitUpsideDown UIInterfaceOrientationLandscapeLeft UIInterfaceOrientationLandscapeRight";
				INFOPLIST_KEY_UISupportedInterfaceOrientations_iPhone = "UIInterfaceOrientationPortrait UIInterfaceOrientationLandscapeLeft UIInterfaceOrientationLandscapeRight";
				IPHONEOS_DEPLOYMENT_TARGET = 13.0;
				LD_RUNPATH_SEARCH_PATHS = (
					"$(inherited)",
					"@executable_path/Frameworks",
				);
				MARKETING_VERSION = 5.0.0;
				PRODUCT_BUNDLE_IDENTIFIER = com.arashpayan.prayerbook;
				PRODUCT_NAME = "$(TARGET_NAME)";
				SWIFT_EMIT_LOC_STRINGS = YES;
				TARGETED_DEVICE_FAMILY = "1,2";
			};
			name = Debug;
		};
		5BD9F16E29CD23CB00091272 /* Release */ = {
			isa = XCBuildConfiguration;
			buildSettings = {
				ASSETCATALOG_COMPILER_APPICON_NAME = AppIcon;
				ASSETCATALOG_COMPILER_GLOBAL_ACCENT_COLOR_NAME = AppColors;
				CODE_SIGN_STYLE = Automatic;
				CURRENT_PROJECT_VERSION = 502;
				DEVELOPMENT_TEAM = 3HDTD4H95Q;
				GENERATE_INFOPLIST_FILE = YES;
				INFOPLIST_FILE = baha/Info.plist;
				INFOPLIST_KEY_UIApplicationSupportsIndirectInputEvents = YES;
				INFOPLIST_KEY_UILaunchStoryboardName = LaunchScreen;
				INFOPLIST_KEY_UIMainStoryboardFile = Main;
				INFOPLIST_KEY_UISupportedInterfaceOrientations_iPad = "UIInterfaceOrientationPortrait UIInterfaceOrientationPortraitUpsideDown UIInterfaceOrientationLandscapeLeft UIInterfaceOrientationLandscapeRight";
				INFOPLIST_KEY_UISupportedInterfaceOrientations_iPhone = "UIInterfaceOrientationPortrait UIInterfaceOrientationLandscapeLeft UIInterfaceOrientationLandscapeRight";
				IPHONEOS_DEPLOYMENT_TARGET = 13.0;
				LD_RUNPATH_SEARCH_PATHS = (
					"$(inherited)",
					"@executable_path/Frameworks",
				);
				MARKETING_VERSION = 5.0.0;
				PRODUCT_BUNDLE_IDENTIFIER = com.arashpayan.prayerbook;
				PRODUCT_NAME = "$(TARGET_NAME)";
				SWIFT_EMIT_LOC_STRINGS = YES;
				TARGETED_DEVICE_FAMILY = "1,2";
			};
			name = Release;
		};
/* End XCBuildConfiguration section */

/* Begin XCConfigurationList section */
		5BD9F14E29CD23CA00091272 /* Build configuration list for PBXProject "baha" */ = {
			isa = XCConfigurationList;
			buildConfigurations = (
				5BD9F16A29CD23CB00091272 /* Debug */,
				5BD9F16B29CD23CB00091272 /* Release */,
			);
			defaultConfigurationIsVisible = 0;
			defaultConfigurationName = Release;
		};
		5BD9F16C29CD23CB00091272 /* Build configuration list for PBXNativeTarget "baha" */ = {
			isa = XCConfigurationList;
			buildConfigurations = (
				5BD9F16D29CD23CB00091272 /* Debug */,
				5BD9F16E29CD23CB00091272 /* Release */,
			);
			defaultConfigurationIsVisible = 0;
			defaultConfigurationName = Release;
		};
/* End XCConfigurationList section */
	};
	rootObject = 5BD9F14B29CD23CA00091272 /* Project object */;
}
